
Microsoft Visual Studio Solution File, Format Version 12.00
# Visual Studio Version 16
VisualStudioVersion = 16.0.29306.81
MinimumVisualStudioVersion = 10.0.40219.1
Project("{FAE04EC0-301F-11D3-BF4B-00C04F79EFBC}") = "lab2", "lab2\lab2.csproj", "{AF97F9F0-597B-45BE-B2CF-27BA845AE277}"
EndProject
Global
	GlobalSection(SolutionConfigurationPlatforms) = preSolution
		Debug|Any CPU = Debug|Any CPU
		Release|Any CPU = Release|Any CPU
	EndGlobalSection
	GlobalSection(ProjectConfigurationPlatforms) = postSolution
		{AF97F9F0-597B-45BE-B2CF-27BA845AE277}.Debug|Any CPU.ActiveCfg = Debug|Any CPU
		{AF97F9F0-597B-45BE-B2CF-27BA845AE277}.Debug|Any CPU.Build.0 = Debug|Any CPU
		{AF97F9F0-597B-45BE-B2CF-27BA845AE277}.Release|Any CPU.ActiveCfg = Release|Any CPU
		{AF97F9F0-597B-45BE-B2CF-27BA845AE277}.Release|Any CPU.Build.0 = Release|Any CPU
	EndGlobalSection
	GlobalSection(SolutionProperties) = preSolution
		HideSolutionNode = FALSE
	EndGlobalSection
	GlobalSection(ExtensibilityGlobals) = postSolution
		SolutionGuid = {2C9CFBB2-46D2-4938-B4C4-F8F8F14F2A60}
	EndGlobalSection
EndGlobal
